
Microsoft Visual Studio Solution File, Format Version 12.00
# Visual Studio Version 17
VisualStudioVersion = 17.5.33414.496
MinimumVisualStudioVersion = 10.0.40219.1
Project("{FAE04EC0-301F-11D3-BF4B-00C04F79EFBC}") = "C#_Battleship", "C#_Battleship\C#_Battleship.csproj", "{04FD63D8-63F3-40DD-A16A-C204746CC74B}"
EndProject
Global
	GlobalSection(SolutionConfigurationPlatforms) = preSolution
		Debug|Any CPU = Debug|Any CPU
		Release|Any CPU = Release|Any CPU
	EndGlobalSection
	GlobalSection(ProjectConfigurationPlatforms) = postSolution
		{04FD63D8-63F3-40DD-A16A-C204746CC74B}.Debug|Any CPU.ActiveCfg = Debug|Any CPU
		{04FD63D8-63F3-40DD-A16A-C204746CC74B}.Debug|Any CPU.Build.0 = Debug|Any CPU
		{04FD63D8-63F3-40DD-A16A-C204746CC74B}.Release|Any CPU.ActiveCfg = Release|Any CPU
		{04FD63D8-63F3-40DD-A16A-C204746CC74B}.Release|Any CPU.Build.0 = Release|Any CPU
	EndGlobalSection
	GlobalSection(SolutionProperties) = preSolution
		HideSolutionNode = FALSE
	EndGlobalSection
	GlobalSection(ExtensibilityGlobals) = postSolution
		SolutionGuid = {7355A5E9-2217-4296-8B0D-D1ED70A7F5B9}
	EndGlobalSection
EndGlobal
